
Microsoft Visual Studio Solution File, Format Version 12.00
# Visual Studio Version 17
VisualStudioVersion = 17.11.35222.181
MinimumVisualStudioVersion = 10.0.40219.1
Project("{FAE04EC0-301F-11D3-BF4B-00C04F79EFBC}") = "DesignPatterns.Singleton", "DesignPatterns.Singleton\DesignPatterns.Singleton.csproj", "{ABF53463-C96E-4AAE-A39E-C06B514EE4A1}"
EndProject
Global
	GlobalSection(SolutionConfigurationPlatforms) = preSolution
		Debug|Any CPU = Debug|Any CPU
		Release|Any CPU = Release|Any CPU
	EndGlobalSection
	GlobalSection(ProjectConfigurationPlatforms) = postSolution
		{ABF53463-C96E-4AAE-A39E-C06B514EE4A1}.Debug|Any CPU.ActiveCfg = Debug|Any CPU
		{ABF53463-C96E-4AAE-A39E-C06B514EE4A1}.Debug|Any CPU.Build.0 = Debug|Any CPU
		{ABF53463-C96E-4AAE-A39E-C06B514EE4A1}.Release|Any CPU.ActiveCfg = Release|Any CPU
		{ABF53463-C96E-4AAE-A39E-C06B514EE4A1}.Release|Any CPU.Build.0 = Release|Any CPU
	EndGlobalSection
	GlobalSection(SolutionProperties) = preSolution
		HideSolutionNode = FALSE
	EndGlobalSection
	GlobalSection(ExtensibilityGlobals) = postSolution
		SolutionGuid = {4EF3A51A-92F3-494F-921E-B5BEA18FB2AD}
	EndGlobalSection
EndGlobal
